// !$*UTF8*$!
{
	archiveVersion = 1;
	classes = {
	};
	objectVersion = 50;
	objects = {

/* Begin PBXBuildFile section */
		C1312A46245180B9004ACE52 /* MOBFoundation.a in Frameworks */ = {isa = PBXBuildFile; fileRef = C1312A42245180B9004ACE52 /* MOBFoundation.a */; };
		C1312A4E245180C4004ACE52 /* SMS_SDK.a in Frameworks */ = {isa = PBXBuildFile; fileRef = C1312A49245180C4004ACE52 /* SMS_SDK.a */; };
		C1F915D12136412200B7188F /* ReactNativeMobSMS.m in Sources */ = {isa = PBXBuildFile; fileRef = C1F915D02136412200B7188F /* ReactNativeMobSMS.m */; };
		C1F915D22136412200B7188F /* ReactNativeMobSMS.h in CopyFiles */ = {isa = PBXBuildFile; fileRef = C1F915CF2136412200B7188F /* ReactNativeMobSMS.h */; };
/* End PBXBuildFile section */

/* Begin PBXCopyFilesBuildPhase section */
		C1F915CA2136412200B7188F /* CopyFiles */ = {
			isa = PBXCopyFilesBuildPhase;
			buildActionMask = 2147483647;
			dstPath = "include/$(PRODUCT_NAME)";
			dstSubfolderSpec = 16;
			files = (
				C1F915D22136412200B7188F /* ReactNativeMobSMS.h in CopyFiles */,
			);
			runOnlyForDeploymentPostprocessing = 0;
		};
/* End PBXCopyFilesBuildPhase section */

/* Begin PBXFileReference section */
		C1312A1A245180B9004ACE52 /* MOBFDataService.h */ = {isa = PBXFileReference; fileEncoding = 4; lastKnownFileType = sourcecode.c.h; path = MOBFDataService.h; sourceTree = "<group>"; };
		C1312A1B245180B9004ACE52 /* MOBFJSTypeDefine.h */ = {isa = PBXFileReference; fileEncoding = 4; lastKnownFileType = sourcecode.c.h; path = MOBFJSTypeDefine.h; sourceTree = "<group>"; };
		C1312A1C245180B9004ACE52 /* MOBFXml.h */ = {isa = PBXFileReference; fileEncoding = 4; lastKnownFileType = sourcecode.c.h; path = MOBFXml.h; sourceTree = "<group>"; };
		C1312A1D245180B9004ACE52 /* MOBFApplication.h */ = {isa = PBXFileReference; fileEncoding = 4; lastKnownFileType = sourcecode.c.h; path = MOBFApplication.h; sourceTree = "<group>"; };
		C1312A1E245180B9004ACE52 /* MOBFHttpService.h */ = {isa = PBXFileReference; fileEncoding = 4; lastKnownFileType = sourcecode.c.h; path = MOBFHttpService.h; sourceTree = "<group>"; };
		C1312A1F245180B9004ACE52 /* MOBFRSAKey.h */ = {isa = PBXFileReference; fileEncoding = 4; lastKnownFileType = sourcecode.c.h; path = MOBFRSAKey.h; sourceTree = "<group>"; };
		C1312A20245180B9004ACE52 /* MOBFTagService.h */ = {isa = PBXFileReference; fileEncoding = 4; lastKnownFileType = sourcecode.c.h; path = MOBFTagService.h; sourceTree = "<group>"; };
		C1312A21245180B9004ACE52 /* MobSDK.h */ = {isa = PBXFileReference; fileEncoding = 4; lastKnownFileType = sourcecode.c.h; path = MobSDK.h; sourceTree = "<group>"; };
		C1312A22245180B9004ACE52 /* MOBFImageCachePolicy.h */ = {isa = PBXFileReference; fileEncoding = 4; lastKnownFileType = sourcecode.c.h; path = MOBFImageCachePolicy.h; sourceTree = "<group>"; };
		C1312A23245180B9004ACE52 /* MOBFLogService.h */ = {isa = PBXFileReference; fileEncoding = 4; lastKnownFileType = sourcecode.c.h; path = MOBFLogService.h; sourceTree = "<group>"; };
		C1312A24245180B9004ACE52 /* MOBFRegex.h */ = {isa = PBXFileReference; fileEncoding = 4; lastKnownFileType = sourcecode.c.h; path = MOBFRegex.h; sourceTree = "<group>"; };
		C1312A25245180B9004ACE52 /* MOBFColor.h */ = {isa = PBXFileReference; fileEncoding = 4; lastKnownFileType = sourcecode.c.h; path = MOBFColor.h; sourceTree = "<group>"; };
		C1312A26245180B9004ACE52 /* MOBFDebug.h */ = {isa = PBXFileReference; fileEncoding = 4; lastKnownFileType = sourcecode.c.h; path = MOBFDebug.h; sourceTree = "<group>"; };
		C1312A27245180B9004ACE52 /* MOBFRSAHelper.h */ = {isa = PBXFileReference; fileEncoding = 4; lastKnownFileType = sourcecode.c.h; path = MOBFRSAHelper.h; sourceTree = "<group>"; };
		C1312A28245180B9004ACE52 /* MOBFString.h */ = {isa = PBXFileReference; fileEncoding = 4; lastKnownFileType = sourcecode.c.h; path = MOBFString.h; sourceTree = "<group>"; };
		C1312A29245180B9004ACE52 /* MOBFDate.h */ = {isa = PBXFileReference; fileEncoding = 4; lastKnownFileType = sourcecode.c.h; path = MOBFDate.h; sourceTree = "<group>"; };
		C1312A2A245180B9004ACE52 /* MOBFNotificationCenter.h */ = {isa = PBXFileReference; fileEncoding = 4; lastKnownFileType = sourcecode.c.h; path = MOBFNotificationCenter.h; sourceTree = "<group>"; };
		C1312A2B245180B9004ACE52 /* MOBSDKDef.h */ = {isa = PBXFileReference; fileEncoding = 4; lastKnownFileType = sourcecode.c.h; path = MOBSDKDef.h; sourceTree = "<group>"; };
		C1312A2C245180B9004ACE52 /* MOBFNumber.h */ = {isa = PBXFileReference; fileEncoding = 4; lastKnownFileType = sourcecode.c.h; path = MOBFNumber.h; sourceTree = "<group>"; };
		C1312A2D245180B9004ACE52 /* IMOBFPlugin.h */ = {isa = PBXFileReference; fileEncoding = 4; lastKnownFileType = sourcecode.c.h; path = IMOBFPlugin.h; sourceTree = "<group>"; };
		C1312A2E245180B9004ACE52 /* MOBFViewController.h */ = {isa = PBXFileReference; fileEncoding = 4; lastKnownFileType = sourcecode.c.h; path = MOBFViewController.h; sourceTree = "<group>"; };
		C1312A2F245180B9004ACE52 /* MOBFImageServiceTypeDef.h */ = {isa = PBXFileReference; fileEncoding = 4; lastKnownFileType = sourcecode.c.h; path = MOBFImageServiceTypeDef.h; sourceTree = "<group>"; };
		C1312A30245180B9004ACE52 /* MOBFWKWebViewContext.h */ = {isa = PBXFileReference; fileEncoding = 4; lastKnownFileType = sourcecode.c.h; path = MOBFWKWebViewContext.h; sourceTree = "<group>"; };
		C1312A31245180B9004ACE52 /* MOBFData.h */ = {isa = PBXFileReference; fileEncoding = 4; lastKnownFileType = sourcecode.c.h; path = MOBFData.h; sourceTree = "<group>"; };
		C1312A32245180B9004ACE52 /* MOBFHttpPostedFile.h */ = {isa = PBXFileReference; fileEncoding = 4; lastKnownFileType = sourcecode.c.h; path = MOBFHttpPostedFile.h; sourceTree = "<group>"; };
		C1312A33245180B9004ACE52 /* MOBFXmlNode.h */ = {isa = PBXFileReference; fileEncoding = 4; lastKnownFileType = sourcecode.c.h; path = MOBFXmlNode.h; sourceTree = "<group>"; };
		C1312A34245180B9004ACE52 /* MobSDK+Privacy.h */ = {isa = PBXFileReference; fileEncoding = 4; lastKnownFileType = sourcecode.c.h; path = "MobSDK+Privacy.h"; sourceTree = "<group>"; };
		C1312A35245180B9004ACE52 /* MOBFUser.h */ = {isa = PBXFileReference; fileEncoding = 4; lastKnownFileType = sourcecode.c.h; path = MOBFUser.h; sourceTree = "<group>"; };
		C1312A36245180B9004ACE52 /* MOBFDevice.h */ = {isa = PBXFileReference; fileEncoding = 4; lastKnownFileType = sourcecode.c.h; path = MOBFDevice.h; sourceTree = "<group>"; };
		C1312A37245180B9004ACE52 /* MOBFJson.h */ = {isa = PBXFileReference; fileEncoding = 4; lastKnownFileType = sourcecode.c.h; path = MOBFJson.h; sourceTree = "<group>"; };
		C1312A38245180B9004ACE52 /* MOBFDataModel.h */ = {isa = PBXFileReference; fileEncoding = 4; lastKnownFileType = sourcecode.c.h; path = MOBFDataModel.h; sourceTree = "<group>"; };
		C1312A39245180B9004ACE52 /* MOBFJSMethod.h */ = {isa = PBXFileReference; fileEncoding = 4; lastKnownFileType = sourcecode.c.h; path = MOBFJSMethod.h; sourceTree = "<group>"; };
		C1312A3A245180B9004ACE52 /* MOBFImage.h */ = {isa = PBXFileReference; fileEncoding = 4; lastKnownFileType = sourcecode.c.h; path = MOBFImage.h; sourceTree = "<group>"; };
		C1312A3B245180B9004ACE52 /* MOBFOAuthService.h */ = {isa = PBXFileReference; fileEncoding = 4; lastKnownFileType = sourcecode.c.h; path = MOBFOAuthService.h; sourceTree = "<group>"; };
		C1312A3C245180B9004ACE52 /* UIView+MOBFWebCache.h */ = {isa = PBXFileReference; fileEncoding = 4; lastKnownFileType = sourcecode.c.h; path = "UIView+MOBFWebCache.h"; sourceTree = "<group>"; };
		C1312A3D245180B9004ACE52 /* MOBFPluginManager.h */ = {isa = PBXFileReference; fileEncoding = 4; lastKnownFileType = sourcecode.c.h; path = MOBFPluginManager.h; sourceTree = "<group>"; };
		C1312A3E245180B9004ACE52 /* IMOBBaseUser.h */ = {isa = PBXFileReference; fileEncoding = 4; lastKnownFileType = sourcecode.c.h; path = IMOBBaseUser.h; sourceTree = "<group>"; };
		C1312A3F245180B9004ACE52 /* MOBFImageObserver.h */ = {isa = PBXFileReference; fileEncoding = 4; lastKnownFileType = sourcecode.c.h; path = MOBFImageObserver.h; sourceTree = "<group>"; };
		C1312A40245180B9004ACE52 /* IMOBFDataModel.h */ = {isa = PBXFileReference; fileEncoding = 4; lastKnownFileType = sourcecode.c.h; path = IMOBFDataModel.h; sourceTree = "<group>"; };
		C1312A41245180B9004ACE52 /* UIImageView+MOBFWebCache.h */ = {isa = PBXFileReference; fileEncoding = 4; lastKnownFileType = sourcecode.c.h; path = "UIImageView+MOBFWebCache.h"; sourceTree = "<group>"; };
		C1312A42245180B9004ACE52 /* MOBFoundation.a */ = {isa = PBXFileReference; lastKnownFileType = archive.ar; path = MOBFoundation.a; sourceTree = "<group>"; };
		C1312A43245180B9004ACE52 /* MOBFoundation.h */ = {isa = PBXFileReference; fileEncoding = 4; lastKnownFileType = sourcecode.c.h; path = MOBFoundation.h; sourceTree = "<group>"; };
		C1312A44245180B9004ACE52 /* MOBFImageGetter.h */ = {isa = PBXFileReference; fileEncoding = 4; lastKnownFileType = sourcecode.c.h; path = MOBFImageGetter.h; sourceTree = "<group>"; };
		C1312A45245180B9004ACE52 /* MOBFJSContext.h */ = {isa = PBXFileReference; fileEncoding = 4; lastKnownFileType = sourcecode.c.h; path = MOBFJSContext.h; sourceTree = "<group>"; };
		C1312A48245180C4004ACE52 /* SMSSDKUserInfo.h */ = {isa = PBXFileReference; fileEncoding = 4; lastKnownFileType = sourcecode.c.h; path = SMSSDKUserInfo.h; sourceTree = "<group>"; };
		C1312A49245180C4004ACE52 /* SMS_SDK.a */ = {isa = PBXFileReference; lastKnownFileType = archive.ar; path = SMS_SDK.a; sourceTree = "<group>"; };
		C1312A4A245180C4004ACE52 /* SMSSDKResultHandlerDef.h */ = {isa = PBXFileReference; fileEncoding = 4; lastKnownFileType = sourcecode.c.h; path = SMSSDKResultHandlerDef.h; sourceTree = "<group>"; };
		C1312A4B245180C4004ACE52 /* SMSSDK+ContactFriends.h */ = {isa = PBXFileReference; fileEncoding = 4; lastKnownFileType = sourcecode.c.h; path = "SMSSDK+ContactFriends.h"; sourceTree = "<group>"; };
		C1312A4C245180C4004ACE52 /* SMSSDKAddressBook.h */ = {isa = PBXFileReference; fileEncoding = 4; lastKnownFileType = sourcecode.c.h; path = SMSSDKAddressBook.h; sourceTree = "<group>"; };
		C1312A4D245180C4004ACE52 /* SMSSDK.h */ = {isa = PBXFileReference; fileEncoding = 4; lastKnownFileType = sourcecode.c.h; path = SMSSDK.h; sourceTree = "<group>"; };
		C1F915CC2136412200B7188F /* libReactNativeMobSMS.a */ = {isa = PBXFileReference; explicitFileType = archive.ar; includeInIndex = 0; path = libReactNativeMobSMS.a; sourceTree = BUILT_PRODUCTS_DIR; };
		C1F915CF2136412200B7188F /* ReactNativeMobSMS.h */ = {isa = PBXFileReference; lastKnownFileType = sourcecode.c.h; path = ReactNativeMobSMS.h; sourceTree = "<group>"; };
		C1F915D02136412200B7188F /* ReactNativeMobSMS.m */ = {isa = PBXFileReference; lastKnownFileType = sourcecode.c.objc; path = ReactNativeMobSMS.m; sourceTree = "<group>"; };
/* End PBXFileReference section */

/* Begin PBXFrameworksBuildPhase section */
		C1F915C92136412200B7188F /* Frameworks */ = {
			isa = PBXFrameworksBuildPhase;
			buildActionMask = 2147483647;
			files = (
				C1312A4E245180C4004ACE52 /* SMS_SDK.a in Frameworks */,
				C1312A46245180B9004ACE52 /* MOBFoundation.a in Frameworks */,
			);
			runOnlyForDeploymentPostprocessing = 0;
		};
/* End PBXFrameworksBuildPhase section */

/* Begin PBXGroup section */
		C1312A19245180B9004ACE52 /* MOBFoundation */ = {
			isa = PBXGroup;
			children = (
				C1312A1A245180B9004ACE52 /* MOBFDataService.h */,
				C1312A1B245180B9004ACE52 /* MOBFJSTypeDefine.h */,
				C1312A1C245180B9004ACE52 /* MOBFXml.h */,
				C1312A1D245180B9004ACE52 /* MOBFApplication.h */,
				C1312A1E245180B9004ACE52 /* MOBFHttpService.h */,
				C1312A1F245180B9004ACE52 /* MOBFRSAKey.h */,
				C1312A20245180B9004ACE52 /* MOBFTagService.h */,
				C1312A21245180B9004ACE52 /* MobSDK.h */,
				C1312A22245180B9004ACE52 /* MOBFImageCachePolicy.h */,
				C1312A23245180B9004ACE52 /* MOBFLogService.h */,
				C1312A24245180B9004ACE52 /* MOBFRegex.h */,
				C1312A25245180B9004ACE52 /* MOBFColor.h */,
				C1312A26245180B9004ACE52 /* MOBFDebug.h */,
				C1312A27245180B9004ACE52 /* MOBFRSAHelper.h */,
				C1312A28245180B9004ACE52 /* MOBFString.h */,
				C1312A29245180B9004ACE52 /* MOBFDate.h */,
				C1312A2A245180B9004ACE52 /* MOBFNotificationCenter.h */,
				C1312A2B245180B9004ACE52 /* MOBSDKDef.h */,
				C1312A2C245180B9004ACE52 /* MOBFNumber.h */,
				C1312A2D245180B9004ACE52 /* IMOBFPlugin.h */,
				C1312A2E245180B9004ACE52 /* MOBFViewController.h */,
				C1312A2F245180B9004ACE52 /* MOBFImageServiceTypeDef.h */,
				C1312A30245180B9004ACE52 /* MOBFWKWebViewContext.h */,
				C1312A31245180B9004ACE52 /* MOBFData.h */,
				C1312A32245180B9004ACE52 /* MOBFHttpPostedFile.h */,
				C1312A33245180B9004ACE52 /* MOBFXmlNode.h */,
				C1312A34245180B9004ACE52 /* MobSDK+Privacy.h */,
				C1312A35245180B9004ACE52 /* MOBFUser.h */,
				C1312A36245180B9004ACE52 /* MOBFDevice.h */,
				C1312A37245180B9004ACE52 /* MOBFJson.h */,
				C1312A38245180B9004ACE52 /* MOBFDataModel.h */,
				C1312A39245180B9004ACE52 /* MOBFJSMethod.h */,
				C1312A3A245180B9004ACE52 /* MOBFImage.h */,
				C1312A3B245180B9004ACE52 /* MOBFOAuthService.h */,
				C1312A3C245180B9004ACE52 /* UIView+MOBFWebCache.h */,
				C1312A3D245180B9004ACE52 /* MOBFPluginManager.h */,
				C1312A3E245180B9004ACE52 /* IMOBBaseUser.h */,
				C1312A3F245180B9004ACE52 /* MOBFImageObserver.h */,
				C1312A40245180B9004ACE52 /* IMOBFDataModel.h */,
				C1312A41245180B9004ACE52 /* UIImageView+MOBFWebCache.h */,
				C1312A42245180B9004ACE52 /* MOBFoundation.a */,
				C1312A43245180B9004ACE52 /* MOBFoundation.h */,
				C1312A44245180B9004ACE52 /* MOBFImageGetter.h */,
				C1312A45245180B9004ACE52 /* MOBFJSContext.h */,
			);
			path = MOBFoundation;
			sourceTree = "<group>";
		};
		C1312A47245180C4004ACE52 /* SMS_SDK */ = {
			isa = PBXGroup;
			children = (
				C1312A48245180C4004ACE52 /* SMSSDKUserInfo.h */,
				C1312A49245180C4004ACE52 /* SMS_SDK.a */,
				C1312A4A245180C4004ACE52 /* SMSSDKResultHandlerDef.h */,
				C1312A4B245180C4004ACE52 /* SMSSDK+ContactFriends.h */,
				C1312A4C245180C4004ACE52 /* SMSSDKAddressBook.h */,
				C1312A4D245180C4004ACE52 /* SMSSDK.h */,
			);
			path = SMS_SDK;
			sourceTree = "<group>";
		};
		C1F915C32136412200B7188F = {
			isa = PBXGroup;
			children = (
				C1F915CE2136412200B7188F /* ReactNativeMobSMS */,
				C1F915CD2136412200B7188F /* Products */,
			);
			sourceTree = "<group>";
		};
		C1F915CD2136412200B7188F /* Products */ = {
			isa = PBXGroup;
			children = (
				C1F915CC2136412200B7188F /* libReactNativeMobSMS.a */,
			);
			name = Products;
			sourceTree = "<group>";
		};
		C1F915CE2136412200B7188F /* ReactNativeMobSMS */ = {
			isa = PBXGroup;
			children = (
				C1312A47245180C4004ACE52 /* SMS_SDK */,
				C1312A19245180B9004ACE52 /* MOBFoundation */,
				C1F915CF2136412200B7188F /* ReactNativeMobSMS.h */,
				C1F915D02136412200B7188F /* ReactNativeMobSMS.m */,
			);
			path = ReactNativeMobSMS;
			sourceTree = "<group>";
		};
/* End PBXGroup section */

/* Begin PBXNativeTarget section */
		C1F915CB2136412200B7188F /* ReactNativeMobSMS */ = {
			isa = PBXNativeTarget;
			buildConfigurationList = C1F915D52136412200B7188F /* Build configuration list for PBXNativeTarget "ReactNativeMobSMS" */;
			buildPhases = (
				C1F915C82136412200B7188F /* Sources */,
				C1F915C92136412200B7188F /* Frameworks */,
				C1F915CA2136412200B7188F /* CopyFiles */,
			);
			buildRules = (
			);
			dependencies = (
			);
			name = ReactNativeMobSMS;
			productName = ReactNativeMobSMS;
			productReference = C1F915CC2136412200B7188F /* libReactNativeMobSMS.a */;
			productType = "com.apple.product-type.library.static";
		};
/* End PBXNativeTarget section */

/* Begin PBXProject section */
		C1F915C42136412200B7188F /* Project object */ = {
			isa = PBXProject;
			attributes = {
				LastUpgradeCheck = 0930;
				ORGANIZATIONNAME = superhao;
				TargetAttributes = {
					C1F915CB2136412200B7188F = {
						CreatedOnToolsVersion = 9.3.1;
					};
				};
			};
			buildConfigurationList = C1F915C72136412200B7188F /* Build configuration list for PBXProject "ReactNativeMobSMS" */;
			compatibilityVersion = "Xcode 9.3";
			developmentRegion = en;
			hasScannedForEncodings = 0;
			knownRegions = (
				en,
			);
			mainGroup = C1F915C32136412200B7188F;
			productRefGroup = C1F915CD2136412200B7188F /* Products */;
			projectDirPath = "";
			projectRoot = "";
			targets = (
				C1F915CB2136412200B7188F /* ReactNativeMobSMS */,
			);
		};
/* End PBXProject section */

/* Begin PBXSourcesBuildPhase section */
		C1F915C82136412200B7188F /* Sources */ = {
			isa = PBXSourcesBuildPhase;
			buildActionMask = 2147483647;
			files = (
				C1F915D12136412200B7188F /* ReactNativeMobSMS.m in Sources */,
			);
			runOnlyForDeploymentPostprocessing = 0;
		};
/* End PBXSourcesBuildPhase section */

/* Begin XCBuildConfiguration section */
		C1F915D32136412200B7188F /* Debug */ = {
			isa = XCBuildConfiguration;
			buildSettings = {
				ALWAYS_SEARCH_USER_PATHS = NO;
				CLANG_ANALYZER_NONNULL = YES;
				CLANG_ANALYZER_NUMBER_OBJECT_CONVERSION = YES_AGGRESSIVE;
				CLANG_CXX_LANGUAGE_STANDARD = "gnu++14";
				CLANG_CXX_LIBRARY = "libc++";
				CLANG_ENABLE_MODULES = YES;
				CLANG_ENABLE_OBJC_ARC = YES;
				CLANG_ENABLE_OBJC_WEAK = YES;
				CLANG_WARN_BLOCK_CAPTURE_AUTORELEASING = YES;
				CLANG_WARN_BOOL_CONVERSION = YES;
				CLANG_WARN_COMMA = YES;
				CLANG_WARN_CONSTANT_CONVERSION = YES;
				CLANG_WARN_DEPRECATED_OBJC_IMPLEMENTATIONS = YES;
				CLANG_WARN_DIRECT_OBJC_ISA_USAGE = YES_ERROR;
				CLANG_WARN_DOCUMENTATION_COMMENTS = YES;
				CLANG_WARN_EMPTY_BODY = YES;
				CLANG_WARN_ENUM_CONVERSION = YES;
				CLANG_WARN_INFINITE_RECURSION = YES;
				CLANG_WARN_INT_CONVERSION = YES;
				CLANG_WARN_NON_LITERAL_NULL_CONVERSION = YES;
				CLANG_WARN_OBJC_IMPLICIT_RETAIN_SELF = YES;
				CLANG_WARN_OBJC_LITERAL_CONVERSION = YES;
				CLANG_WARN_OBJC_ROOT_CLASS = YES_ERROR;
				CLANG_WARN_RANGE_LOOP_ANALYSIS = YES;
				CLANG_WARN_STRICT_PROTOTYPES = YES;
				CLANG_WARN_SUSPICIOUS_MOVE = YES;
				CLANG_WARN_UNGUARDED_AVAILABILITY = YES_AGGRESSIVE;
				CLANG_WARN_UNREACHABLE_CODE = YES;
				CLANG_WARN__DUPLICATE_METHOD_MATCH = YES;
				CODE_SIGN_IDENTITY = "iPhone Developer";
				COPY_PHASE_STRIP = NO;
				DEBUG_INFORMATION_FORMAT = dwarf;
				ENABLE_STRICT_OBJC_MSGSEND = YES;
				ENABLE_TESTABILITY = YES;
				GCC_C_LANGUAGE_STANDARD = gnu11;
				GCC_DYNAMIC_NO_PIC = NO;
				GCC_NO_COMMON_BLOCKS = YES;
				GCC_OPTIMIZATION_LEVEL = 0;
				GCC_PREPROCESSOR_DEFINITIONS = (
					"DEBUG=1",
					"$(inherited)",
				);
				GCC_WARN_64_TO_32_BIT_CONVERSION = YES;
				GCC_WARN_ABOUT_RETURN_TYPE = YES_ERROR;
				GCC_WARN_UNDECLARED_SELECTOR = YES;
				GCC_WARN_UNINITIALIZED_AUTOS = YES_AGGRESSIVE;
				GCC_WARN_UNUSED_FUNCTION = YES;
				GCC_WARN_UNUSED_VARIABLE = YES;
				HEADER_SEARCH_PATHS = "$(SRCROOT)/../../react-native/React/**";
				IPHONEOS_DEPLOYMENT_TARGET = 8.0;
				MTL_ENABLE_DEBUG_INFO = YES;
				ONLY_ACTIVE_ARCH = YES;
				SDKROOT = iphoneos;
			};
			name = Debug;
		};
		C1F915D42136412200B7188F /* Release */ = {
			isa = XCBuildConfiguration;
			buildSettings = {
				ALWAYS_SEARCH_USER_PATHS = NO;
				CLANG_ANALYZER_NONNULL = YES;
				CLANG_ANALYZER_NUMBER_OBJECT_CONVERSION = YES_AGGRESSIVE;
				CLANG_CXX_LANGUAGE_STANDARD = "gnu++14";
				CLANG_CXX_LIBRARY = "libc++";
				CLANG_ENABLE_MODULES = YES;
				CLANG_ENABLE_OBJC_ARC = YES;
				CLANG_ENABLE_OBJC_WEAK = YES;
				CLANG_WARN_BLOCK_CAPTURE_AUTORELEASING = YES;
				CLANG_WARN_BOOL_CONVERSION = YES;
				CLANG_WARN_COMMA = YES;
				CLANG_WARN_CONSTANT_CONVERSION = YES;
				CLANG_WARN_DEPRECATED_OBJC_IMPLEMENTATIONS = YES;
				CLANG_WARN_DIRECT_OBJC_ISA_USAGE = YES_ERROR;
				CLANG_WARN_DOCUMENTATION_COMMENTS = YES;
				CLANG_WARN_EMPTY_BODY = YES;
				CLANG_WARN_ENUM_CONVERSION = YES;
				CLANG_WARN_INFINITE_RECURSION = YES;
				CLANG_WARN_INT_CONVERSION = YES;
				CLANG_WARN_NON_LITERAL_NULL_CONVERSION = YES;
				CLANG_WARN_OBJC_IMPLICIT_RETAIN_SELF = YES;
				CLANG_WARN_OBJC_LITERAL_CONVERSION = YES;
				CLANG_WARN_OBJC_ROOT_CLASS = YES_ERROR;
				CLANG_WARN_RANGE_LOOP_ANALYSIS = YES;
				CLANG_WARN_STRICT_PROTOTYPES = YES;
				CLANG_WARN_SUSPICIOUS_MOVE = YES;
				CLANG_WARN_UNGUARDED_AVAILABILITY = YES_AGGRESSIVE;
				CLANG_WARN_UNREACHABLE_CODE = YES;
				CLANG_WARN__DUPLICATE_METHOD_MATCH = YES;
				CODE_SIGN_IDENTITY = "iPhone Developer";
				COPY_PHASE_STRIP = NO;
				DEBUG_INFORMATION_FORMAT = "dwarf-with-dsym";
				ENABLE_NS_ASSERTIONS = NO;
				ENABLE_STRICT_OBJC_MSGSEND = YES;
				GCC_C_LANGUAGE_STANDARD = gnu11;
				GCC_NO_COMMON_BLOCKS = YES;
				GCC_WARN_64_TO_32_BIT_CONVERSION = YES;
				GCC_WARN_ABOUT_RETURN_TYPE = YES_ERROR;
				GCC_WARN_UNDECLARED_SELECTOR = YES;
				GCC_WARN_UNINITIALIZED_AUTOS = YES_AGGRESSIVE;
				GCC_WARN_UNUSED_FUNCTION = YES;
				GCC_WARN_UNUSED_VARIABLE = YES;
				HEADER_SEARCH_PATHS = "$(SRCROOT)/../../react-native/React/**";
				IPHONEOS_DEPLOYMENT_TARGET = 8.0;
				MTL_ENABLE_DEBUG_INFO = NO;
				SDKROOT = iphoneos;
				VALIDATE_PRODUCT = YES;
			};
			name = Release;
		};
		C1F915D62136412200B7188F /* Debug */ = {
			isa = XCBuildConfiguration;
			buildSettings = {
				CODE_SIGN_STYLE = Automatic;
				FRAMEWORK_SEARCH_PATHS = (
					"$(inherited)",
					"$(PROJECT_DIR)/ReactNativeMobSMS/SDK/SMSSDK",
					"$(PROJECT_DIR)/ReactNativeMobSMS/SDK/Required",
				);
				LIBRARY_SEARCH_PATHS = (
					"$(inherited)",
					"$(PROJECT_DIR)/ReactNativeMobSMS/lib",
					"$(PROJECT_DIR)/ReactNativeMobSMS/SMS_SDK",
					"$(PROJECT_DIR)/ReactNativeMobSMS/MOBFoundation",
				);
				ONLY_ACTIVE_ARCH = YES;
				OTHER_LDFLAGS = "-ObjC";
				PRODUCT_NAME = "$(TARGET_NAME)";
				SKIP_INSTALL = YES;
				TARGETED_DEVICE_FAMILY = "1,2";
			};
			name = Debug;
		};
		C1F915D72136412200B7188F /* Release */ = {
			isa = XCBuildConfiguration;
			buildSettings = {
				CODE_SIGN_STYLE = Automatic;
				FRAMEWORK_SEARCH_PATHS = (
					"$(inherited)",
					"$(PROJECT_DIR)/ReactNativeMobSMS/SDK/SMSSDK",
					"$(PROJECT_DIR)/ReactNativeMobSMS/SDK/Required",
				);
				LIBRARY_SEARCH_PATHS = (
					"$(inherited)",
					"$(PROJECT_DIR)/ReactNativeMobSMS/lib",
					"$(PROJECT_DIR)/ReactNativeMobSMS/SMS_SDK",
					"$(PROJECT_DIR)/ReactNativeMobSMS/MOBFoundation",
				);
				ONLY_ACTIVE_ARCH = NO;
				OTHER_LDFLAGS = "-ObjC";
				PRODUCT_NAME = "$(TARGET_NAME)";
				SKIP_INSTALL = YES;
				TARGETED_DEVICE_FAMILY = "1,2";
			};
			name = Release;
		};
/* End XCBuildConfiguration section */

/* Begin XCConfigurationList section */
		C1F915C72136412200B7188F /* Build configuration list for PBXProject "ReactNativeMobSMS" */ = {
			isa = XCConfigurationList;
			buildConfigurations = (
				C1F915D32136412200B7188F /* Debug */,
				C1F915D42136412200B7188F /* Release */,
			);
			defaultConfigurationIsVisible = 0;
			defaultConfigurationName = Release;
		};
		C1F915D52136412200B7188F /* Build configuration list for PBXNativeTarget "ReactNativeMobSMS" */ = {
			isa = XCConfigurationList;
			buildConfigurations = (
				C1F915D62136412200B7188F /* Debug */,
				C1F915D72136412200B7188F /* Release */,
			);
			defaultConfigurationIsVisible = 0;
			defaultConfigurationName = Release;
		};
/* End XCConfigurationList section */
	};
	rootObject = C1F915C42136412200B7188F /* Project object */;
}
